
Microsoft Visual Studio Solution File, Format Version 12.00
# Visual Studio Version 17
VisualStudioVersion = 17.9.34728.123
MinimumVisualStudioVersion = 10.0.40219.1
Project("{FAE04EC0-301F-11D3-BF4B-00C04F79EFBC}") = "Lexer_For_JavaScript", "Lexer_For_JavaScript.csproj", "{92800AC3-4307-42B8-BB5F-90632353A14F}"
EndProject
Global
	GlobalSection(SolutionConfigurationPlatforms) = preSolution
		Debug|Any CPU = Debug|Any CPU
		Release|Any CPU = Release|Any CPU
	EndGlobalSection
	GlobalSection(ProjectConfigurationPlatforms) = postSolution
		{92800AC3-4307-42B8-BB5F-90632353A14F}.Debug|Any CPU.ActiveCfg = Debug|Any CPU
		{92800AC3-4307-42B8-BB5F-90632353A14F}.Debug|Any CPU.Build.0 = Debug|Any CPU
		{92800AC3-4307-42B8-BB5F-90632353A14F}.Release|Any CPU.ActiveCfg = Release|Any CPU
		{92800AC3-4307-42B8-BB5F-90632353A14F}.Release|Any CPU.Build.0 = Release|Any CPU
	EndGlobalSection
	GlobalSection(SolutionProperties) = preSolution
		HideSolutionNode = FALSE
	EndGlobalSection
	GlobalSection(ExtensibilityGlobals) = postSolution
		SolutionGuid = {4D9BE97B-B44D-483F-AFE1-8EA79BFC099E}
	EndGlobalSection
EndGlobal
